
Microsoft Visual Studio Solution File, Format Version 12.00
# Visual Studio 15
Project("{FAE04EC0-301F-11D3-BF4B-00C04F79EFBC}") = "Assembly-CSharp", "Assembly-CSharp.csproj", "{97EA9E6F-167D-870A-21EF-C96C7A57C3FE}"
EndProject
Project("{FAE04EC0-301F-11D3-BF4B-00C04F79EFBC}") = "Assembly-CSharp-firstpass", "Assembly-CSharp-firstpass.csproj", "{AE60842E-11CF-5B51-601C-B24FE52E85AE}"
EndProject
Project("{FAE04EC0-301F-11D3-BF4B-00C04F79EFBC}") = "Assembly-CSharp-Editor-firstpass", "Assembly-CSharp-Editor-firstpass.csproj", "{1BE9DE30-4DE6-082C-AF27-506771290AD4}"
EndProject
Project("{FAE04EC0-301F-11D3-BF4B-00C04F79EFBC}") = "Assembly-CSharp-Editor", "Assembly-CSharp-Editor.csproj", "{35678EF5-D026-8F48-0147-75CA64810E6C}"
EndProject
Global
	GlobalSection(SolutionConfigurationPlatforms) = preSolution
		Debug|Any CPU = Debug|Any CPU
		Release|Any CPU = Release|Any CPU
	EndGlobalSection
	GlobalSection(ProjectConfigurationPlatforms) = postSolution
		{97EA9E6F-167D-870A-21EF-C96C7A57C3FE}.Debug|Any CPU.ActiveCfg = Debug|Any CPU
		{97EA9E6F-167D-870A-21EF-C96C7A57C3FE}.Debug|Any CPU.Build.0 = Debug|Any CPU
		{97EA9E6F-167D-870A-21EF-C96C7A57C3FE}.Release|Any CPU.ActiveCfg = Release|Any CPU
		{97EA9E6F-167D-870A-21EF-C96C7A57C3FE}.Release|Any CPU.Build.0 = Release|Any CPU
		{AE60842E-11CF-5B51-601C-B24FE52E85AE}.Debug|Any CPU.ActiveCfg = Debug|Any CPU
		{AE60842E-11CF-5B51-601C-B24FE52E85AE}.Debug|Any CPU.Build.0 = Debug|Any CPU
		{AE60842E-11CF-5B51-601C-B24FE52E85AE}.Release|Any CPU.ActiveCfg = Release|Any CPU
		{AE60842E-11CF-5B51-601C-B24FE52E85AE}.Release|Any CPU.Build.0 = Release|Any CPU
		{1BE9DE30-4DE6-082C-AF27-506771290AD4}.Debug|Any CPU.ActiveCfg = Debug|Any CPU
		{1BE9DE30-4DE6-082C-AF27-506771290AD4}.Debug|Any CPU.Build.0 = Debug|Any CPU
		{1BE9DE30-4DE6-082C-AF27-506771290AD4}.Release|Any CPU.ActiveCfg = Release|Any CPU
		{1BE9DE30-4DE6-082C-AF27-506771290AD4}.Release|Any CPU.Build.0 = Release|Any CPU
		{35678EF5-D026-8F48-0147-75CA64810E6C}.Debug|Any CPU.ActiveCfg = Debug|Any CPU
		{35678EF5-D026-8F48-0147-75CA64810E6C}.Debug|Any CPU.Build.0 = Debug|Any CPU
		{35678EF5-D026-8F48-0147-75CA64810E6C}.Release|Any CPU.ActiveCfg = Release|Any CPU
		{35678EF5-D026-8F48-0147-75CA64810E6C}.Release|Any CPU.Build.0 = Release|Any CPU
	EndGlobalSection
	GlobalSection(SolutionProperties) = preSolution
		HideSolutionNode = FALSE
	EndGlobalSection
EndGlobal
