
Microsoft Visual Studio Solution File, Format Version 12.00
# Visual Studio 2017
Project("{FAE04EC0-301F-11D3-BF4B-00C04F79EFBC}") = "TH SHOOT", "TH SHOOT.csproj", "{8614FA6C-3CC0-6D6C-7389-B0DE2E0223A4}"
EndProject
Project("{FAE04EC0-301F-11D3-BF4B-00C04F79EFBC}") = "TH SHOOT.Plugins", "TH SHOOT.Plugins.csproj", "{F46F2931-F488-E46D-A62C-E11BFB115210}"
EndProject
Project("{FAE04EC0-301F-11D3-BF4B-00C04F79EFBC}") = "TH SHOOT", "TH SHOOT.csproj", "{8614FA6C-3CC0-6D6C-7389-B0DE2E0223A4}"
EndProject
Project("{FAE04EC0-301F-11D3-BF4B-00C04F79EFBC}") = "TH SHOOT.Editor", "TH SHOOT.Editor.csproj", "{1BDBCADF-1869-BE03-CBC3-8F858EF48BA7}"
EndProject
Project("{FAE04EC0-301F-11D3-BF4B-00C04F79EFBC}") = "TH SHOOT.Editor.Plugins", "TH SHOOT.Editor.Plugins.csproj", "{8496F9E7-5DB3-2F28-4710-BED38F84338C}"
EndProject
Project("{FAE04EC0-301F-11D3-BF4B-00C04F79EFBC}") = "TH SHOOT.Editor", "TH SHOOT.Editor.csproj", "{1BDBCADF-1869-BE03-CBC3-8F858EF48BA7}"
EndProject
Project("{FAE04EC0-301F-11D3-BF4B-00C04F79EFBC}") = "TH SHOOT.Editor", "TH SHOOT.Editor.csproj", "{1BDBCADF-1869-BE03-CBC3-8F858EF48BA7}"
EndProject
Project("{FAE04EC0-301F-11D3-BF4B-00C04F79EFBC}") = "TH SHOOT.Editor", "TH SHOOT.Editor.csproj", "{1BDBCADF-1869-BE03-CBC3-8F858EF48BA7}"
EndProject
Global
	GlobalSection(SolutionConfigurationPlatforms) = preSolution
		Debug|Any CPU = Debug|Any CPU
		Release|Any CPU = Release|Any CPU
	EndGlobalSection
	GlobalSection(ProjectConfigurationPlatforms) = postSolution
		{8614FA6C-3CC0-6D6C-7389-B0DE2E0223A4}.Debug|Any CPU.ActiveCfg = Debug|Any CPU
		{8614FA6C-3CC0-6D6C-7389-B0DE2E0223A4}.Debug|Any CPU.Build.0 = Debug|Any CPU
		{8614FA6C-3CC0-6D6C-7389-B0DE2E0223A4}.Release|Any CPU.ActiveCfg = Release|Any CPU
		{8614FA6C-3CC0-6D6C-7389-B0DE2E0223A4}.Release|Any CPU.Build.0 = Release|Any CPU
		{F46F2931-F488-E46D-A62C-E11BFB115210}.Debug|Any CPU.ActiveCfg = Debug|Any CPU
		{F46F2931-F488-E46D-A62C-E11BFB115210}.Debug|Any CPU.Build.0 = Debug|Any CPU
		{F46F2931-F488-E46D-A62C-E11BFB115210}.Release|Any CPU.ActiveCfg = Release|Any CPU
		{F46F2931-F488-E46D-A62C-E11BFB115210}.Release|Any CPU.Build.0 = Release|Any CPU
		{8614FA6C-3CC0-6D6C-7389-B0DE2E0223A4}.Debug|Any CPU.ActiveCfg = Debug|Any CPU
		{8614FA6C-3CC0-6D6C-7389-B0DE2E0223A4}.Debug|Any CPU.Build.0 = Debug|Any CPU
		{8614FA6C-3CC0-6D6C-7389-B0DE2E0223A4}.Release|Any CPU.ActiveCfg = Release|Any CPU
		{8614FA6C-3CC0-6D6C-7389-B0DE2E0223A4}.Release|Any CPU.Build.0 = Release|Any CPU
		{1BDBCADF-1869-BE03-CBC3-8F858EF48BA7}.Debug|Any CPU.ActiveCfg = Debug|Any CPU
		{1BDBCADF-1869-BE03-CBC3-8F858EF48BA7}.Debug|Any CPU.Build.0 = Debug|Any CPU
		{1BDBCADF-1869-BE03-CBC3-8F858EF48BA7}.Release|Any CPU.ActiveCfg = Release|Any CPU
		{1BDBCADF-1869-BE03-CBC3-8F858EF48BA7}.Release|Any CPU.Build.0 = Release|Any CPU
		{8496F9E7-5DB3-2F28-4710-BED38F84338C}.Debug|Any CPU.ActiveCfg = Debug|Any CPU
		{8496F9E7-5DB3-2F28-4710-BED38F84338C}.Debug|Any CPU.Build.0 = Debug|Any CPU
		{8496F9E7-5DB3-2F28-4710-BED38F84338C}.Release|Any CPU.ActiveCfg = Release|Any CPU
		{8496F9E7-5DB3-2F28-4710-BED38F84338C}.Release|Any CPU.Build.0 = Release|Any CPU
		{1BDBCADF-1869-BE03-CBC3-8F858EF48BA7}.Debug|Any CPU.ActiveCfg = Debug|Any CPU
		{1BDBCADF-1869-BE03-CBC3-8F858EF48BA7}.Debug|Any CPU.Build.0 = Debug|Any CPU
		{1BDBCADF-1869-BE03-CBC3-8F858EF48BA7}.Release|Any CPU.ActiveCfg = Release|Any CPU
		{1BDBCADF-1869-BE03-CBC3-8F858EF48BA7}.Release|Any CPU.Build.0 = Release|Any CPU
		{1BDBCADF-1869-BE03-CBC3-8F858EF48BA7}.Debug|Any CPU.ActiveCfg = Debug|Any CPU
		{1BDBCADF-1869-BE03-CBC3-8F858EF48BA7}.Debug|Any CPU.Build.0 = Debug|Any CPU
		{1BDBCADF-1869-BE03-CBC3-8F858EF48BA7}.Release|Any CPU.ActiveCfg = Release|Any CPU
		{1BDBCADF-1869-BE03-CBC3-8F858EF48BA7}.Release|Any CPU.Build.0 = Release|Any CPU
		{1BDBCADF-1869-BE03-CBC3-8F858EF48BA7}.Debug|Any CPU.ActiveCfg = Debug|Any CPU
		{1BDBCADF-1869-BE03-CBC3-8F858EF48BA7}.Debug|Any CPU.Build.0 = Debug|Any CPU
		{1BDBCADF-1869-BE03-CBC3-8F858EF48BA7}.Release|Any CPU.ActiveCfg = Release|Any CPU
		{1BDBCADF-1869-BE03-CBC3-8F858EF48BA7}.Release|Any CPU.Build.0 = Release|Any CPU
	EndGlobalSection
	GlobalSection(SolutionProperties) = preSolution
		HideSolutionNode = FALSE
	EndGlobalSection
EndGlobal
